// !$*UTF8*$!
{
	archiveVersion = 1;
	classes = {
	};
	objectVersion = 56;
	objects = {

/* Begin PBXBuildFile section */
		49CB9296A4D47EB392F1B553 /* Pods_iosApp_iosAppUITests.framework in Frameworks */ = {isa = PBXBuildFile; fileRef = A9676E586B79D78349CE364A /* Pods_iosApp_iosAppUITests.framework */; };
		4F9DCAE72C5E6B3F00B39252 /* MapManager.swift in Sources */ = {isa = PBXBuildFile; fileRef = 4F9DCAE62C5E6B3F00B39252 /* MapManager.swift */; };
		4F9DCAE92C5E6C4200B39252 /* YandexMapView.swift in Sources */ = {isa = PBXBuildFile; fileRef = 4F9DCAE82C5E6C4200B39252 /* YandexMapView.swift */; };
		4F9DCAEB2C5E6D6F00B39252 /* MapView.swift in Sources */ = {isa = PBXBuildFile; fileRef = 4F9DCAEA2C5E6D6F00B39252 /* MapView.swift */; };
		4FC5121E2C5E5585006ED790 /* iosApp.swift in Sources */ = {isa = PBXBuildFile; fileRef = 4FC5121D2C5E5585006ED790 /* iosApp.swift */; };
		4FC512202C5E5585006ED790 /* GuideView.swift in Sources */ = {isa = PBXBuildFile; fileRef = 4FC5121F2C5E5585006ED790 /* GuideView.swift */; };
		4FC512222C5E5586006ED790 /* Assets.xcassets in Resources */ = {isa = PBXBuildFile; fileRef = 4FC512212C5E5586006ED790 /* Assets.xcassets */; };
		4FC512252C5E5586006ED790 /* Preview Assets.xcassets in Resources */ = {isa = PBXBuildFile; fileRef = 4FC512242C5E5586006ED790 /* Preview Assets.xcassets */; };
		4FC5122F2C5E5586006ED790 /* iosAppTests.swift in Sources */ = {isa = PBXBuildFile; fileRef = 4FC5122E2C5E5586006ED790 /* iosAppTests.swift */; };
		4FC512392C5E5586006ED790 /* iosAppUITests.swift in Sources */ = {isa = PBXBuildFile; fileRef = 4FC512382C5E5586006ED790 /* iosAppUITests.swift */; };
		4FC5123B2C5E5586006ED790 /* iosAppUITestsLaunchTests.swift in Sources */ = {isa = PBXBuildFile; fileRef = 4FC5123A2C5E5586006ED790 /* iosAppUITestsLaunchTests.swift */; };
		8450397E015068C0754611A2 /* Pods_iosAppTests.framework in Frameworks */ = {isa = PBXBuildFile; fileRef = B05B86BAF462A14D58EF0BB8 /* Pods_iosAppTests.framework */; };
		85FEE69FFF6D5E7FB6785FFF /* Pods_iosApp.framework in Frameworks */ = {isa = PBXBuildFile; fileRef = 628EC9234413B8A27E25DE28 /* Pods_iosApp.framework */; };
/* End PBXBuildFile section */

/* Begin PBXContainerItemProxy section */
		4FC5122B2C5E5586006ED790 /* PBXContainerItemProxy */ = {
			isa = PBXContainerItemProxy;
			containerPortal = 4FC512122C5E5585006ED790 /* Project object */;
			proxyType = 1;
			remoteGlobalIDString = 4FC512192C5E5585006ED790;
			remoteInfo = iosApp;
		};
		4FC512352C5E5586006ED790 /* PBXContainerItemProxy */ = {
			isa = PBXContainerItemProxy;
			containerPortal = 4FC512122C5E5585006ED790 /* Project object */;
			proxyType = 1;
			remoteGlobalIDString = 4FC512192C5E5585006ED790;
			remoteInfo = iosApp;
		};
/* End PBXContainerItemProxy section */

/* Begin PBXFileReference section */
		0CE29E8AFACB873B7D675F44 /* Pods-iosApp-iosAppUITests.release.xcconfig */ = {isa = PBXFileReference; includeInIndex = 1; lastKnownFileType = text.xcconfig; name = "Pods-iosApp-iosAppUITests.release.xcconfig"; path = "Target Support Files/Pods-iosApp-iosAppUITests/Pods-iosApp-iosAppUITests.release.xcconfig"; sourceTree = "<group>"; };
		2EB3BAEFB0B97B1C7BE0A91C /* Pods-iosApp-iosAppUITests.debug.xcconfig */ = {isa = PBXFileReference; includeInIndex = 1; lastKnownFileType = text.xcconfig; name = "Pods-iosApp-iosAppUITests.debug.xcconfig"; path = "Target Support Files/Pods-iosApp-iosAppUITests/Pods-iosApp-iosAppUITests.debug.xcconfig"; sourceTree = "<group>"; };
		4F9DCAE62C5E6B3F00B39252 /* MapManager.swift */ = {isa = PBXFileReference; lastKnownFileType = sourcecode.swift; path = MapManager.swift; sourceTree = "<group>"; };
		4F9DCAE82C5E6C4200B39252 /* YandexMapView.swift */ = {isa = PBXFileReference; lastKnownFileType = sourcecode.swift; path = YandexMapView.swift; sourceTree = "<group>"; };
		4F9DCAEA2C5E6D6F00B39252 /* MapView.swift */ = {isa = PBXFileReference; lastKnownFileType = sourcecode.swift; path = MapView.swift; sourceTree = "<group>"; };
		4F9DCAEC2C5E73F900B39252 /* Info.plist */ = {isa = PBXFileReference; lastKnownFileType = text.plist; path = Info.plist; sourceTree = "<group>"; };
		4FC5121A2C5E5585006ED790 /* iosApp.app */ = {isa = PBXFileReference; explicitFileType = wrapper.application; includeInIndex = 0; path = iosApp.app; sourceTree = BUILT_PRODUCTS_DIR; };
		4FC5121D2C5E5585006ED790 /* iosApp.swift */ = {isa = PBXFileReference; lastKnownFileType = sourcecode.swift; path = iosApp.swift; sourceTree = "<group>"; };
		4FC5121F2C5E5585006ED790 /* GuideView.swift */ = {isa = PBXFileReference; lastKnownFileType = sourcecode.swift; path = GuideView.swift; sourceTree = "<group>"; };
		4FC512212C5E5586006ED790 /* Assets.xcassets */ = {isa = PBXFileReference; lastKnownFileType = folder.assetcatalog; path = Assets.xcassets; sourceTree = "<group>"; };
		4FC512242C5E5586006ED790 /* Preview Assets.xcassets */ = {isa = PBXFileReference; lastKnownFileType = folder.assetcatalog; path = "Preview Assets.xcassets"; sourceTree = "<group>"; };
		4FC5122A2C5E5586006ED790 /* iosAppTests.xctest */ = {isa = PBXFileReference; explicitFileType = wrapper.cfbundle; includeInIndex = 0; path = iosAppTests.xctest; sourceTree = BUILT_PRODUCTS_DIR; };
		4FC5122E2C5E5586006ED790 /* iosAppTests.swift */ = {isa = PBXFileReference; lastKnownFileType = sourcecode.swift; path = iosAppTests.swift; sourceTree = "<group>"; };
		4FC512342C5E5586006ED790 /* iosAppUITests.xctest */ = {isa = PBXFileReference; explicitFileType = wrapper.cfbundle; includeInIndex = 0; path = iosAppUITests.xctest; sourceTree = BUILT_PRODUCTS_DIR; };
		4FC512382C5E5586006ED790 /* iosAppUITests.swift */ = {isa = PBXFileReference; lastKnownFileType = sourcecode.swift; path = iosAppUITests.swift; sourceTree = "<group>"; };
		4FC5123A2C5E5586006ED790 /* iosAppUITestsLaunchTests.swift */ = {isa = PBXFileReference; lastKnownFileType = sourcecode.swift; path = iosAppUITestsLaunchTests.swift; sourceTree = "<group>"; };
		628EC9234413B8A27E25DE28 /* Pods_iosApp.framework */ = {isa = PBXFileReference; explicitFileType = wrapper.framework; includeInIndex = 0; path = Pods_iosApp.framework; sourceTree = BUILT_PRODUCTS_DIR; };
		6FB55F52B98307EDDA55BA22 /* Pods-iosApp.debug.xcconfig */ = {isa = PBXFileReference; includeInIndex = 1; lastKnownFileType = text.xcconfig; name = "Pods-iosApp.debug.xcconfig"; path = "Target Support Files/Pods-iosApp/Pods-iosApp.debug.xcconfig"; sourceTree = "<group>"; };
		A9676E586B79D78349CE364A /* Pods_iosApp_iosAppUITests.framework */ = {isa = PBXFileReference; explicitFileType = wrapper.framework; includeInIndex = 0; path = Pods_iosApp_iosAppUITests.framework; sourceTree = BUILT_PRODUCTS_DIR; };
		AB953BFC42B520C290826951 /* Pods-iosAppTests.release.xcconfig */ = {isa = PBXFileReference; includeInIndex = 1; lastKnownFileType = text.xcconfig; name = "Pods-iosAppTests.release.xcconfig"; path = "Target Support Files/Pods-iosAppTests/Pods-iosAppTests.release.xcconfig"; sourceTree = "<group>"; };
		B05B86BAF462A14D58EF0BB8 /* Pods_iosAppTests.framework */ = {isa = PBXFileReference; explicitFileType = wrapper.framework; includeInIndex = 0; path = Pods_iosAppTests.framework; sourceTree = BUILT_PRODUCTS_DIR; };
		B97334D73D92638EBD7FC9C4 /* Pods-iosApp.release.xcconfig */ = {isa = PBXFileReference; includeInIndex = 1; lastKnownFileType = text.xcconfig; name = "Pods-iosApp.release.xcconfig"; path = "Target Support Files/Pods-iosApp/Pods-iosApp.release.xcconfig"; sourceTree = "<group>"; };
		F9B277B70BF9911916340C62 /* Pods-iosAppTests.debug.xcconfig */ = {isa = PBXFileReference; includeInIndex = 1; lastKnownFileType = text.xcconfig; name = "Pods-iosAppTests.debug.xcconfig"; path = "Target Support Files/Pods-iosAppTests/Pods-iosAppTests.debug.xcconfig"; sourceTree = "<group>"; };
/* End PBXFileReference section */

/* Begin PBXFrameworksBuildPhase section */
		4FC512172C5E5585006ED790 /* Frameworks */ = {
			isa = PBXFrameworksBuildPhase;
			buildActionMask = 2147483647;
			files = (
				85FEE69FFF6D5E7FB6785FFF /* Pods_iosApp.framework in Frameworks */,
			);
			runOnlyForDeploymentPostprocessing = 0;
		};
		4FC512272C5E5586006ED790 /* Frameworks */ = {
			isa = PBXFrameworksBuildPhase;
			buildActionMask = 2147483647;
			files = (
				8450397E015068C0754611A2 /* Pods_iosAppTests.framework in Frameworks */,
			);
			runOnlyForDeploymentPostprocessing = 0;
		};
		4FC512312C5E5586006ED790 /* Frameworks */ = {
			isa = PBXFrameworksBuildPhase;
			buildActionMask = 2147483647;
			files = (
				49CB9296A4D47EB392F1B553 /* Pods_iosApp_iosAppUITests.framework in Frameworks */,
			);
			runOnlyForDeploymentPostprocessing = 0;
		};
/* End PBXFrameworksBuildPhase section */

/* Begin PBXGroup section */
		4F9DCAE52C5E6AF800B39252 /* MapManager */ = {
			isa = PBXGroup;
			children = (
				4F9DCAE62C5E6B3F00B39252 /* MapManager.swift */,
			);
			path = MapManager;
			sourceTree = "<group>";
		};
		4FC512112C5E5585006ED790 = {
			isa = PBXGroup;
			children = (
				4FC5121C2C5E5585006ED790 /* iosApp */,
				4FC5122D2C5E5586006ED790 /* iosAppTests */,
				4FC512372C5E5586006ED790 /* iosAppUITests */,
				4FC5121B2C5E5585006ED790 /* Products */,
				FB1A8A62DD410EC4F974DE9C /* Pods */,
				55BFE2D416EF83D2A3F89E40 /* Frameworks */,
			);
			sourceTree = "<group>";
		};
		4FC5121B2C5E5585006ED790 /* Products */ = {
			isa = PBXGroup;
			children = (
				4FC5121A2C5E5585006ED790 /* iosApp.app */,
				4FC5122A2C5E5586006ED790 /* iosAppTests.xctest */,
				4FC512342C5E5586006ED790 /* iosAppUITests.xctest */,
			);
			name = Products;
			sourceTree = "<group>";
		};
		4FC5121C2C5E5585006ED790 /* iosApp */ = {
			isa = PBXGroup;
			children = (
				4F9DCAEC2C5E73F900B39252 /* Info.plist */,
				4FC512562C5E5F16006ED790 /* Sources */,
				4FC512512C5E5F0F006ED790 /* SupportingFiles */,
				4FC5121D2C5E5585006ED790 /* iosApp.swift */,
				4FC512232C5E5586006ED790 /* Preview Content */,
			);
			path = iosApp;
			sourceTree = "<group>";
		};
		4FC512232C5E5586006ED790 /* Preview Content */ = {
			isa = PBXGroup;
			children = (
				4FC512242C5E5586006ED790 /* Preview Assets.xcassets */,
			);
			path = "Preview Content";
			sourceTree = "<group>";
		};
		4FC5122D2C5E5586006ED790 /* iosAppTests */ = {
			isa = PBXGroup;
			children = (
				4FC5122E2C5E5586006ED790 /* iosAppTests.swift */,
			);
			path = iosAppTests;
			sourceTree = "<group>";
		};
		4FC512372C5E5586006ED790 /* iosAppUITests */ = {
			isa = PBXGroup;
			children = (
				4FC512382C5E5586006ED790 /* iosAppUITests.swift */,
				4FC5123A2C5E5586006ED790 /* iosAppUITestsLaunchTests.swift */,
			);
			path = iosAppUITests;
			sourceTree = "<group>";
		};
		4FC512512C5E5F0F006ED790 /* SupportingFiles */ = {
			isa = PBXGroup;
			children = (
				4FC512212C5E5586006ED790 /* Assets.xcassets */,
			);
			path = SupportingFiles;
			sourceTree = "<group>";
		};
		4FC512522C5E5F16006ED790 /* Extentions */ = {
			isa = PBXGroup;
			children = (
			);
			path = Extentions;
			sourceTree = "<group>";
		};
		4FC512532C5E5F16006ED790 /* Models */ = {
			isa = PBXGroup;
			children = (
			);
			path = Models;
			sourceTree = "<group>";
		};
		4FC512542C5E5F16006ED790 /* ViewModels */ = {
			isa = PBXGroup;
			children = (
			);
			path = ViewModels;
			sourceTree = "<group>";
		};
		4FC512552C5E5F16006ED790 /* Views */ = {
			isa = PBXGroup;
			children = (
				4FC5121F2C5E5585006ED790 /* GuideView.swift */,
				4F9DCAE82C5E6C4200B39252 /* YandexMapView.swift */,
				4F9DCAEA2C5E6D6F00B39252 /* MapView.swift */,
			);
			path = Views;
			sourceTree = "<group>";
		};
		4FC512562C5E5F16006ED790 /* Sources */ = {
			isa = PBXGroup;
			children = (
				4F9DCAE52C5E6AF800B39252 /* MapManager */,
				4FC512522C5E5F16006ED790 /* Extentions */,
				4FC512532C5E5F16006ED790 /* Models */,
				4FC512542C5E5F16006ED790 /* ViewModels */,
				4FC512552C5E5F16006ED790 /* Views */,
			);
			path = Sources;
			sourceTree = "<group>";
		};
		55BFE2D416EF83D2A3F89E40 /* Frameworks */ = {
			isa = PBXGroup;
			children = (
				628EC9234413B8A27E25DE28 /* Pods_iosApp.framework */,
				A9676E586B79D78349CE364A /* Pods_iosApp_iosAppUITests.framework */,
				B05B86BAF462A14D58EF0BB8 /* Pods_iosAppTests.framework */,
			);
			name = Frameworks;
			sourceTree = "<group>";
		};
		FB1A8A62DD410EC4F974DE9C /* Pods */ = {
			isa = PBXGroup;
			children = (
				6FB55F52B98307EDDA55BA22 /* Pods-iosApp.debug.xcconfig */,
				B97334D73D92638EBD7FC9C4 /* Pods-iosApp.release.xcconfig */,
				2EB3BAEFB0B97B1C7BE0A91C /* Pods-iosApp-iosAppUITests.debug.xcconfig */,
				0CE29E8AFACB873B7D675F44 /* Pods-iosApp-iosAppUITests.release.xcconfig */,
				F9B277B70BF9911916340C62 /* Pods-iosAppTests.debug.xcconfig */,
				AB953BFC42B520C290826951 /* Pods-iosAppTests.release.xcconfig */,
			);
			path = Pods;
			sourceTree = "<group>";
		};
/* End PBXGroup section */

/* Begin PBXNativeTarget section */
		4FC512192C5E5585006ED790 /* iosApp */ = {
			isa = PBXNativeTarget;
			buildConfigurationList = 4FC5123E2C5E5586006ED790 /* Build configuration list for PBXNativeTarget "iosApp" */;
			buildPhases = (
				1201A0106DD8F0A5AFE49CF5 /* [CP] Check Pods Manifest.lock */,
				4FC512162C5E5585006ED790 /* Sources */,
				4FC512172C5E5585006ED790 /* Frameworks */,
				4FC512182C5E5585006ED790 /* Resources */,
				B80C5423E1D114FADB9FFE05 /* [CP] Copy Pods Resources */,
			);
			buildRules = (
			);
			dependencies = (
			);
			name = iosApp;
			productName = iosApp;
			productReference = 4FC5121A2C5E5585006ED790 /* iosApp.app */;
			productType = "com.apple.product-type.application";
		};
		4FC512292C5E5586006ED790 /* iosAppTests */ = {
			isa = PBXNativeTarget;
			buildConfigurationList = 4FC512412C5E5586006ED790 /* Build configuration list for PBXNativeTarget "iosAppTests" */;
			buildPhases = (
				327C8BA1C8C170ED2754752A /* [CP] Check Pods Manifest.lock */,
				4FC512262C5E5586006ED790 /* Sources */,
				4FC512272C5E5586006ED790 /* Frameworks */,
				4FC512282C5E5586006ED790 /* Resources */,
			);
			buildRules = (
			);
			dependencies = (
				4FC5122C2C5E5586006ED790 /* PBXTargetDependency */,
			);
			name = iosAppTests;
			productName = iosAppTests;
			productReference = 4FC5122A2C5E5586006ED790 /* iosAppTests.xctest */;
			productType = "com.apple.product-type.bundle.unit-test";
		};
		4FC512332C5E5586006ED790 /* iosAppUITests */ = {
			isa = PBXNativeTarget;
			buildConfigurationList = 4FC512442C5E5586006ED790 /* Build configuration list for PBXNativeTarget "iosAppUITests" */;
			buildPhases = (
				7B9C8E89EF77019456F686D3 /* [CP] Check Pods Manifest.lock */,
				4FC512302C5E5586006ED790 /* Sources */,
				4FC512312C5E5586006ED790 /* Frameworks */,
				4FC512322C5E5586006ED790 /* Resources */,
				5689E15EDBFACDF5039BAB2E /* [CP] Copy Pods Resources */,
			);
			buildRules = (
			);
			dependencies = (
				4FC512362C5E5586006ED790 /* PBXTargetDependency */,
			);
			name = iosAppUITests;
			productName = iosAppUITests;
			productReference = 4FC512342C5E5586006ED790 /* iosAppUITests.xctest */;
			productType = "com.apple.product-type.bundle.ui-testing";
		};
/* End PBXNativeTarget section */

/* Begin PBXProject section */
		4FC512122C5E5585006ED790 /* Project object */ = {
			isa = PBXProject;
			attributes = {
				BuildIndependentTargetsInParallel = 1;
				LastSwiftUpdateCheck = 1540;
				LastUpgradeCheck = 1540;
				TargetAttributes = {
					4FC512192C5E5585006ED790 = {
						CreatedOnToolsVersion = 15.4;
					};
					4FC512292C5E5586006ED790 = {
						CreatedOnToolsVersion = 15.4;
						TestTargetID = 4FC512192C5E5585006ED790;
					};
					4FC512332C5E5586006ED790 = {
						CreatedOnToolsVersion = 15.4;
						TestTargetID = 4FC512192C5E5585006ED790;
					};
				};
			};
			buildConfigurationList = 4FC512152C5E5585006ED790 /* Build configuration list for PBXProject "iosApp" */;
			compatibilityVersion = "Xcode 14.0";
			developmentRegion = en;
			hasScannedForEncodings = 0;
			knownRegions = (
				en,
				Base,
			);
			mainGroup = 4FC512112C5E5585006ED790;
			productRefGroup = 4FC5121B2C5E5585006ED790 /* Products */;
			projectDirPath = "";
			projectRoot = "";
			targets = (
				4FC512192C5E5585006ED790 /* iosApp */,
				4FC512292C5E5586006ED790 /* iosAppTests */,
				4FC512332C5E5586006ED790 /* iosAppUITests */,
			);
		};
/* End PBXProject section */

/* Begin PBXResourcesBuildPhase section */
		4FC512182C5E5585006ED790 /* Resources */ = {
			isa = PBXResourcesBuildPhase;
			buildActionMask = 2147483647;
			files = (
				4FC512252C5E5586006ED790 /* Preview Assets.xcassets in Resources */,
				4FC512222C5E5586006ED790 /* Assets.xcassets in Resources */,
			);
			runOnlyForDeploymentPostprocessing = 0;
		};
		4FC512282C5E5586006ED790 /* Resources */ = {
			isa = PBXResourcesBuildPhase;
			buildActionMask = 2147483647;
			files = (
			);
			runOnlyForDeploymentPostprocessing = 0;
		};
		4FC512322C5E5586006ED790 /* Resources */ = {
			isa = PBXResourcesBuildPhase;
			buildActionMask = 2147483647;
			files = (
			);
			runOnlyForDeploymentPostprocessing = 0;
		};
/* End PBXResourcesBuildPhase section */

/* Begin PBXShellScriptBuildPhase section */
		1201A0106DD8F0A5AFE49CF5 /* [CP] Check Pods Manifest.lock */ = {
			isa = PBXShellScriptBuildPhase;
			buildActionMask = 2147483647;
			files = (
			);
			inputFileListPaths = (
			);
			inputPaths = (
				"${PODS_PODFILE_DIR_PATH}/Podfile.lock",
				"${PODS_ROOT}/Manifest.lock",
			);
			name = "[CP] Check Pods Manifest.lock";
			outputFileListPaths = (
			);
			outputPaths = (
				"$(DERIVED_FILE_DIR)/Pods-iosApp-checkManifestLockResult.txt",
			);
			runOnlyForDeploymentPostprocessing = 0;
			shellPath = /bin/sh;
			shellScript = "diff \"${PODS_PODFILE_DIR_PATH}/Podfile.lock\" \"${PODS_ROOT}/Manifest.lock\" > /dev/null\nif [ $? != 0 ] ; then\n    # print error to STDERR\n    echo \"error: The sandbox is not in sync with the Podfile.lock. Run 'pod install' or update your CocoaPods installation.\" >&2\n    exit 1\nfi\n# This output is used by Xcode 'outputs' to avoid re-running this script phase.\necho \"SUCCESS\" > \"${SCRIPT_OUTPUT_FILE_0}\"\n";
			showEnvVarsInLog = 0;
		};
		327C8BA1C8C170ED2754752A /* [CP] Check Pods Manifest.lock */ = {
			isa = PBXShellScriptBuildPhase;
			buildActionMask = 2147483647;
			files = (
			);
			inputFileListPaths = (
			);
			inputPaths = (
				"${PODS_PODFILE_DIR_PATH}/Podfile.lock",
				"${PODS_ROOT}/Manifest.lock",
			);
			name = "[CP] Check Pods Manifest.lock";
			outputFileListPaths = (
			);
			outputPaths = (
				"$(DERIVED_FILE_DIR)/Pods-iosAppTests-checkManifestLockResult.txt",
			);
			runOnlyForDeploymentPostprocessing = 0;
			shellPath = /bin/sh;
			shellScript = "diff \"${PODS_PODFILE_DIR_PATH}/Podfile.lock\" \"${PODS_ROOT}/Manifest.lock\" > /dev/null\nif [ $? != 0 ] ; then\n    # print error to STDERR\n    echo \"error: The sandbox is not in sync with the Podfile.lock. Run 'pod install' or update your CocoaPods installation.\" >&2\n    exit 1\nfi\n# This output is used by Xcode 'outputs' to avoid re-running this script phase.\necho \"SUCCESS\" > \"${SCRIPT_OUTPUT_FILE_0}\"\n";
			showEnvVarsInLog = 0;
		};
		5689E15EDBFACDF5039BAB2E /* [CP] Copy Pods Resources */ = {
			isa = PBXShellScriptBuildPhase;
			buildActionMask = 2147483647;
			files = (
			);
			inputFileListPaths = (
				"${PODS_ROOT}/Target Support Files/Pods-iosApp-iosAppUITests/Pods-iosApp-iosAppUITests-resources-${CONFIGURATION}-input-files.xcfilelist",
			);
			name = "[CP] Copy Pods Resources";
			outputFileListPaths = (
				"${PODS_ROOT}/Target Support Files/Pods-iosApp-iosAppUITests/Pods-iosApp-iosAppUITests-resources-${CONFIGURATION}-output-files.xcfilelist",
			);
			runOnlyForDeploymentPostprocessing = 0;
			shellPath = /bin/sh;
			shellScript = "\"${PODS_ROOT}/Target Support Files/Pods-iosApp-iosAppUITests/Pods-iosApp-iosAppUITests-resources.sh\"\n";
			showEnvVarsInLog = 0;
		};
		7B9C8E89EF77019456F686D3 /* [CP] Check Pods Manifest.lock */ = {
			isa = PBXShellScriptBuildPhase;
			buildActionMask = 2147483647;
			files = (
			);
			inputFileListPaths = (
			);
			inputPaths = (
				"${PODS_PODFILE_DIR_PATH}/Podfile.lock",
				"${PODS_ROOT}/Manifest.lock",
			);
			name = "[CP] Check Pods Manifest.lock";
			outputFileListPaths = (
			);
			outputPaths = (
				"$(DERIVED_FILE_DIR)/Pods-iosApp-iosAppUITests-checkManifestLockResult.txt",
			);
			runOnlyForDeploymentPostprocessing = 0;
			shellPath = /bin/sh;
			shellScript = "diff \"${PODS_PODFILE_DIR_PATH}/Podfile.lock\" \"${PODS_ROOT}/Manifest.lock\" > /dev/null\nif [ $? != 0 ] ; then\n    # print error to STDERR\n    echo \"error: The sandbox is not in sync with the Podfile.lock. Run 'pod install' or update your CocoaPods installation.\" >&2\n    exit 1\nfi\n# This output is used by Xcode 'outputs' to avoid re-running this script phase.\necho \"SUCCESS\" > \"${SCRIPT_OUTPUT_FILE_0}\"\n";
			showEnvVarsInLog = 0;
		};
		B80C5423E1D114FADB9FFE05 /* [CP] Copy Pods Resources */ = {
			isa = PBXShellScriptBuildPhase;
			buildActionMask = 2147483647;
			files = (
			);
			inputFileListPaths = (
				"${PODS_ROOT}/Target Support Files/Pods-iosApp/Pods-iosApp-resources-${CONFIGURATION}-input-files.xcfilelist",
			);
			name = "[CP] Copy Pods Resources";
			outputFileListPaths = (
				"${PODS_ROOT}/Target Support Files/Pods-iosApp/Pods-iosApp-resources-${CONFIGURATION}-output-files.xcfilelist",
			);
			runOnlyForDeploymentPostprocessing = 0;
			shellPath = /bin/sh;
			shellScript = "\"${PODS_ROOT}/Target Support Files/Pods-iosApp/Pods-iosApp-resources.sh\"\n";
			showEnvVarsInLog = 0;
		};
/* End PBXShellScriptBuildPhase section */

/* Begin PBXSourcesBuildPhase section */
		4FC512162C5E5585006ED790 /* Sources */ = {
			isa = PBXSourcesBuildPhase;
			buildActionMask = 2147483647;
			files = (
				4F9DCAE92C5E6C4200B39252 /* YandexMapView.swift in Sources */,
				4FC512202C5E5585006ED790 /* GuideView.swift in Sources */,
				4F9DCAEB2C5E6D6F00B39252 /* MapView.swift in Sources */,
				4F9DCAE72C5E6B3F00B39252 /* MapManager.swift in Sources */,
				4FC5121E2C5E5585006ED790 /* iosApp.swift in Sources */,
			);
			runOnlyForDeploymentPostprocessing = 0;
		};
		4FC512262C5E5586006ED790 /* Sources */ = {
			isa = PBXSourcesBuildPhase;
			buildActionMask = 2147483647;
			files = (
				4FC5122F2C5E5586006ED790 /* iosAppTests.swift in Sources */,
			);
			runOnlyForDeploymentPostprocessing = 0;
		};
		4FC512302C5E5586006ED790 /* Sources */ = {
			isa = PBXSourcesBuildPhase;
			buildActionMask = 2147483647;
			files = (
				4FC5123B2C5E5586006ED790 /* iosAppUITestsLaunchTests.swift in Sources */,
				4FC512392C5E5586006ED790 /* iosAppUITests.swift in Sources */,
			);
			runOnlyForDeploymentPostprocessing = 0;
		};
/* End PBXSourcesBuildPhase section */

/* Begin PBXTargetDependency section */
		4FC5122C2C5E5586006ED790 /* PBXTargetDependency */ = {
			isa = PBXTargetDependency;
			target = 4FC512192C5E5585006ED790 /* iosApp */;
			targetProxy = 4FC5122B2C5E5586006ED790 /* PBXContainerItemProxy */;
		};
		4FC512362C5E5586006ED790 /* PBXTargetDependency */ = {
			isa = PBXTargetDependency;
			target = 4FC512192C5E5585006ED790 /* iosApp */;
			targetProxy = 4FC512352C5E5586006ED790 /* PBXContainerItemProxy */;
		};
/* End PBXTargetDependency section */

/* Begin XCBuildConfiguration section */
		4FC5123C2C5E5586006ED790 /* Debug */ = {
			isa = XCBuildConfiguration;
			buildSettings = {
				ALWAYS_SEARCH_USER_PATHS = NO;
				ASSETCATALOG_COMPILER_GENERATE_SWIFT_ASSET_SYMBOL_EXTENSIONS = YES;
				CLANG_ANALYZER_NONNULL = YES;
				CLANG_ANALYZER_NUMBER_OBJECT_CONVERSION = YES_AGGRESSIVE;
				CLANG_CXX_LANGUAGE_STANDARD = "gnu++20";
				CLANG_ENABLE_MODULES = YES;
				CLANG_ENABLE_OBJC_ARC = YES;
				CLANG_ENABLE_OBJC_WEAK = YES;
				CLANG_WARN_BLOCK_CAPTURE_AUTORELEASING = YES;
				CLANG_WARN_BOOL_CONVERSION = YES;
				CLANG_WARN_COMMA = YES;
				CLANG_WARN_CONSTANT_CONVERSION = YES;
				CLANG_WARN_DEPRECATED_OBJC_IMPLEMENTATIONS = YES;
				CLANG_WARN_DIRECT_OBJC_ISA_USAGE = YES_ERROR;
				CLANG_WARN_DOCUMENTATION_COMMENTS = YES;
				CLANG_WARN_EMPTY_BODY = YES;
				CLANG_WARN_ENUM_CONVERSION = YES;
				CLANG_WARN_INFINITE_RECURSION = YES;
				CLANG_WARN_INT_CONVERSION = YES;
				CLANG_WARN_NON_LITERAL_NULL_CONVERSION = YES;
				CLANG_WARN_OBJC_IMPLICIT_RETAIN_SELF = YES;
				CLANG_WARN_OBJC_LITERAL_CONVERSION = YES;
				CLANG_WARN_OBJC_ROOT_CLASS = YES_ERROR;
				CLANG_WARN_QUOTED_INCLUDE_IN_FRAMEWORK_HEADER = YES;
				CLANG_WARN_RANGE_LOOP_ANALYSIS = YES;
				CLANG_WARN_STRICT_PROTOTYPES = YES;
				CLANG_WARN_SUSPICIOUS_MOVE = YES;
				CLANG_WARN_UNGUARDED_AVAILABILITY = YES_AGGRESSIVE;
				CLANG_WARN_UNREACHABLE_CODE = YES;
				CLANG_WARN__DUPLICATE_METHOD_MATCH = YES;
				COPY_PHASE_STRIP = NO;
				DEBUG_INFORMATION_FORMAT = dwarf;
				ENABLE_STRICT_OBJC_MSGSEND = YES;
				ENABLE_TESTABILITY = YES;
				ENABLE_USER_SCRIPT_SANDBOXING = YES;
				GCC_C_LANGUAGE_STANDARD = gnu17;
				GCC_DYNAMIC_NO_PIC = NO;
				GCC_NO_COMMON_BLOCKS = YES;
				GCC_OPTIMIZATION_LEVEL = 0;
				GCC_PREPROCESSOR_DEFINITIONS = (
					"DEBUG=1",
					"$(inherited)",
				);
				GCC_WARN_64_TO_32_BIT_CONVERSION = YES;
				GCC_WARN_ABOUT_RETURN_TYPE = YES_ERROR;
				GCC_WARN_UNDECLARED_SELECTOR = YES;
				GCC_WARN_UNINITIALIZED_AUTOS = YES_AGGRESSIVE;
				GCC_WARN_UNUSED_FUNCTION = YES;
				GCC_WARN_UNUSED_VARIABLE = YES;
				IPHONEOS_DEPLOYMENT_TARGET = 17.5;
				LOCALIZATION_PREFERS_STRING_CATALOGS = YES;
				MTL_ENABLE_DEBUG_INFO = INCLUDE_SOURCE;
				MTL_FAST_MATH = YES;
				ONLY_ACTIVE_ARCH = YES;
				SDKROOT = iphoneos;
				SWIFT_ACTIVE_COMPILATION_CONDITIONS = "DEBUG $(inherited)";
				SWIFT_OPTIMIZATION_LEVEL = "-Onone";
			};
			name = Debug;
		};
		4FC5123D2C5E5586006ED790 /* Release */ = {
			isa = XCBuildConfiguration;
			buildSettings = {
				ALWAYS_SEARCH_USER_PATHS = NO;
				ASSETCATALOG_COMPILER_GENERATE_SWIFT_ASSET_SYMBOL_EXTENSIONS = YES;
				CLANG_ANALYZER_NONNULL = YES;
				CLANG_ANALYZER_NUMBER_OBJECT_CONVERSION = YES_AGGRESSIVE;
				CLANG_CXX_LANGUAGE_STANDARD = "gnu++20";
				CLANG_ENABLE_MODULES = YES;
				CLANG_ENABLE_OBJC_ARC = YES;
				CLANG_ENABLE_OBJC_WEAK = YES;
				CLANG_WARN_BLOCK_CAPTURE_AUTORELEASING = YES;
				CLANG_WARN_BOOL_CONVERSION = YES;
				CLANG_WARN_COMMA = YES;
				CLANG_WARN_CONSTANT_CONVERSION = YES;
				CLANG_WARN_DEPRECATED_OBJC_IMPLEMENTATIONS = YES;
				CLANG_WARN_DIRECT_OBJC_ISA_USAGE = YES_ERROR;
				CLANG_WARN_DOCUMENTATION_COMMENTS = YES;
				CLANG_WARN_EMPTY_BODY = YES;
				CLANG_WARN_ENUM_CONVERSION = YES;
				CLANG_WARN_INFINITE_RECURSION = YES;
				CLANG_WARN_INT_CONVERSION = YES;
				CLANG_WARN_NON_LITERAL_NULL_CONVERSION = YES;
				CLANG_WARN_OBJC_IMPLICIT_RETAIN_SELF = YES;
				CLANG_WARN_OBJC_LITERAL_CONVERSION = YES;
				CLANG_WARN_OBJC_ROOT_CLASS = YES_ERROR;
				CLANG_WARN_QUOTED_INCLUDE_IN_FRAMEWORK_HEADER = YES;
				CLANG_WARN_RANGE_LOOP_ANALYSIS = YES;
				CLANG_WARN_STRICT_PROTOTYPES = YES;
				CLANG_WARN_SUSPICIOUS_MOVE = YES;
				CLANG_WARN_UNGUARDED_AVAILABILITY = YES_AGGRESSIVE;
				CLANG_WARN_UNREACHABLE_CODE = YES;
				CLANG_WARN__DUPLICATE_METHOD_MATCH = YES;
				COPY_PHASE_STRIP = NO;
				DEBUG_INFORMATION_FORMAT = "dwarf-with-dsym";
				ENABLE_NS_ASSERTIONS = NO;
				ENABLE_STRICT_OBJC_MSGSEND = YES;
				ENABLE_USER_SCRIPT_SANDBOXING = YES;
				GCC_C_LANGUAGE_STANDARD = gnu17;
				GCC_NO_COMMON_BLOCKS = YES;
				GCC_WARN_64_TO_32_BIT_CONVERSION = YES;
				GCC_WARN_ABOUT_RETURN_TYPE = YES_ERROR;
				GCC_WARN_UNDECLARED_SELECTOR = YES;
				GCC_WARN_UNINITIALIZED_AUTOS = YES_AGGRESSIVE;
				GCC_WARN_UNUSED_FUNCTION = YES;
				GCC_WARN_UNUSED_VARIABLE = YES;
				IPHONEOS_DEPLOYMENT_TARGET = 17.5;
				LOCALIZATION_PREFERS_STRING_CATALOGS = YES;
				MTL_ENABLE_DEBUG_INFO = NO;
				MTL_FAST_MATH = YES;
				SDKROOT = iphoneos;
				SWIFT_COMPILATION_MODE = wholemodule;
				VALIDATE_PRODUCT = YES;
			};
			name = Release;
		};
		4FC5123F2C5E5586006ED790 /* Debug */ = {
			isa = XCBuildConfiguration;
			baseConfigurationReference = 6FB55F52B98307EDDA55BA22 /* Pods-iosApp.debug.xcconfig */;
			buildSettings = {
				ASSETCATALOG_COMPILER_APPICON_NAME = AppIcon;
				ASSETCATALOG_COMPILER_GLOBAL_ACCENT_COLOR_NAME = AccentColor;
				CODE_SIGN_STYLE = Automatic;
				CURRENT_PROJECT_VERSION = 1;
				DEVELOPMENT_ASSET_PATHS = "\"iosApp/Preview Content\"";
				DEVELOPMENT_TEAM = 2H4VAW9HQQ;
				ENABLE_PREVIEWS = YES;
				ENABLE_USER_SCRIPT_SANDBOXING = NO;
				GENERATE_INFOPLIST_FILE = YES;
				INFOPLIST_FILE = iosApp/Info.plist;
				INFOPLIST_KEY_NSLocationAlwaysAndWhenInUseUsageDescription = Message;
				INFOPLIST_KEY_NSLocationAlwaysUsageDescription = Message;
				INFOPLIST_KEY_NSLocationUsageDescription = Message;
				INFOPLIST_KEY_NSLocationWhenInUseUsageDescription = Message;
				INFOPLIST_KEY_UIApplicationSceneManifest_Generation = YES;
				INFOPLIST_KEY_UIApplicationSupportsIndirectInputEvents = YES;
				INFOPLIST_KEY_UILaunchScreen_Generation = YES;
				INFOPLIST_KEY_UISupportedInterfaceOrientations_iPad = "UIInterfaceOrientationPortrait UIInterfaceOrientationPortraitUpsideDown UIInterfaceOrientationLandscapeLeft UIInterfaceOrientationLandscapeRight";
				INFOPLIST_KEY_UISupportedInterfaceOrientations_iPhone = "UIInterfaceOrientationPortrait UIInterfaceOrientationLandscapeLeft UIInterfaceOrientationLandscapeRight";
				LD_RUNPATH_SEARCH_PATHS = (
					"$(inherited)",
					"@executable_path/Frameworks",
				);
				MARKETING_VERSION = 1.0;
				PRODUCT_BUNDLE_IDENTIFIER = com.guide.app.iosApp;
				PRODUCT_NAME = "$(TARGET_NAME)";
				SWIFT_EMIT_LOC_STRINGS = YES;
				SWIFT_VERSION = 5.0;
				TARGETED_DEVICE_FAMILY = "1,2";
			};
			name = Debug;
		};
		4FC512402C5E5586006ED790 /* Release */ = {
			isa = XCBuildConfiguration;
			baseConfigurationReference = B97334D73D92638EBD7FC9C4 /* Pods-iosApp.release.xcconfig */;
			buildSettings = {
				ASSETCATALOG_COMPILER_APPICON_NAME = AppIcon;
				ASSETCATALOG_COMPILER_GLOBAL_ACCENT_COLOR_NAME = AccentColor;
				CODE_SIGN_STYLE = Automatic;
				CURRENT_PROJECT_VERSION = 1;
				DEVELOPMENT_ASSET_PATHS = "\"iosApp/Preview Content\"";
				DEVELOPMENT_TEAM = 2H4VAW9HQQ;
				ENABLE_PREVIEWS = YES;
				ENABLE_USER_SCRIPT_SANDBOXING = NO;
				GENERATE_INFOPLIST_FILE = YES;
				INFOPLIST_FILE = iosApp/Info.plist;
				INFOPLIST_KEY_NSLocationAlwaysAndWhenInUseUsageDescription = Message;
				INFOPLIST_KEY_NSLocationAlwaysUsageDescription = Message;
				INFOPLIST_KEY_NSLocationUsageDescription = Message;
				INFOPLIST_KEY_NSLocationWhenInUseUsageDescription = Message;
				INFOPLIST_KEY_UIApplicationSceneManifest_Generation = YES;
				INFOPLIST_KEY_UIApplicationSupportsIndirectInputEvents = YES;
				INFOPLIST_KEY_UILaunchScreen_Generation = YES;
				INFOPLIST_KEY_UISupportedInterfaceOrientations_iPad = "UIInterfaceOrientationPortrait UIInterfaceOrientationPortraitUpsideDown UIInterfaceOrientationLandscapeLeft UIInterfaceOrientationLandscapeRight";
				INFOPLIST_KEY_UISupportedInterfaceOrientations_iPhone = "UIInterfaceOrientationPortrait UIInterfaceOrientationLandscapeLeft UIInterfaceOrientationLandscapeRight";
				LD_RUNPATH_SEARCH_PATHS = (
					"$(inherited)",
					"@executable_path/Frameworks",
				);
				MARKETING_VERSION = 1.0;
				PRODUCT_BUNDLE_IDENTIFIER = com.guide.app.iosApp;
				PRODUCT_NAME = "$(TARGET_NAME)";
				SWIFT_EMIT_LOC_STRINGS = YES;
				SWIFT_VERSION = 5.0;
				TARGETED_DEVICE_FAMILY = "1,2";
			};
			name = Release;
		};
		4FC512422C5E5586006ED790 /* Debug */ = {
			isa = XCBuildConfiguration;
			baseConfigurationReference = F9B277B70BF9911916340C62 /* Pods-iosAppTests.debug.xcconfig */;
			buildSettings = {
				ALWAYS_EMBED_SWIFT_STANDARD_LIBRARIES = YES;
				BUNDLE_LOADER = "$(TEST_HOST)";
				CODE_SIGN_STYLE = Automatic;
				CURRENT_PROJECT_VERSION = 1;
				DEVELOPMENT_TEAM = 2H4VAW9HQQ;
				ENABLE_USER_SCRIPT_SANDBOXING = NO;
				GENERATE_INFOPLIST_FILE = YES;
				IPHONEOS_DEPLOYMENT_TARGET = 17.5;
				MARKETING_VERSION = 1.0;
				PRODUCT_BUNDLE_IDENTIFIER = com.guide.app.iosAppTests;
				PRODUCT_NAME = "$(TARGET_NAME)";
				SWIFT_EMIT_LOC_STRINGS = NO;
				SWIFT_VERSION = 5.0;
				TARGETED_DEVICE_FAMILY = "1,2";
				TEST_HOST = "$(BUILT_PRODUCTS_DIR)/iosApp.app/$(BUNDLE_EXECUTABLE_FOLDER_PATH)/iosApp";
			};
			name = Debug;
		};
		4FC512432C5E5586006ED790 /* Release */ = {
			isa = XCBuildConfiguration;
			baseConfigurationReference = AB953BFC42B520C290826951 /* Pods-iosAppTests.release.xcconfig */;
			buildSettings = {
				ALWAYS_EMBED_SWIFT_STANDARD_LIBRARIES = YES;
				BUNDLE_LOADER = "$(TEST_HOST)";
				CODE_SIGN_STYLE = Automatic;
				CURRENT_PROJECT_VERSION = 1;
				DEVELOPMENT_TEAM = 2H4VAW9HQQ;
				ENABLE_USER_SCRIPT_SANDBOXING = NO;
				GENERATE_INFOPLIST_FILE = YES;
				IPHONEOS_DEPLOYMENT_TARGET = 17.5;
				MARKETING_VERSION = 1.0;
				PRODUCT_BUNDLE_IDENTIFIER = com.guide.app.iosAppTests;
				PRODUCT_NAME = "$(TARGET_NAME)";
				SWIFT_EMIT_LOC_STRINGS = NO;
				SWIFT_VERSION = 5.0;
				TARGETED_DEVICE_FAMILY = "1,2";
				TEST_HOST = "$(BUILT_PRODUCTS_DIR)/iosApp.app/$(BUNDLE_EXECUTABLE_FOLDER_PATH)/iosApp";
			};
			name = Release;
		};
		4FC512452C5E5586006ED790 /* Debug */ = {
			isa = XCBuildConfiguration;
			baseConfigurationReference = 2EB3BAEFB0B97B1C7BE0A91C /* Pods-iosApp-iosAppUITests.debug.xcconfig */;
			buildSettings = {
				ALWAYS_EMBED_SWIFT_STANDARD_LIBRARIES = YES;
				CODE_SIGN_STYLE = Automatic;
				CURRENT_PROJECT_VERSION = 1;
				DEVELOPMENT_TEAM = 2H4VAW9HQQ;
				ENABLE_USER_SCRIPT_SANDBOXING = NO;
				GENERATE_INFOPLIST_FILE = YES;
				MARKETING_VERSION = 1.0;
				PRODUCT_BUNDLE_IDENTIFIER = com.guide.app.iosAppUITests;
				PRODUCT_NAME = "$(TARGET_NAME)";
				SWIFT_EMIT_LOC_STRINGS = NO;
				SWIFT_VERSION = 5.0;
				TARGETED_DEVICE_FAMILY = "1,2";
				TEST_TARGET_NAME = iosApp;
			};
			name = Debug;
		};
		4FC512462C5E5586006ED790 /* Release */ = {
			isa = XCBuildConfiguration;
			baseConfigurationReference = 0CE29E8AFACB873B7D675F44 /* Pods-iosApp-iosAppUITests.release.xcconfig */;
			buildSettings = {
				ALWAYS_EMBED_SWIFT_STANDARD_LIBRARIES = YES;
				CODE_SIGN_STYLE = Automatic;
				CURRENT_PROJECT_VERSION = 1;
				DEVELOPMENT_TEAM = 2H4VAW9HQQ;
				ENABLE_USER_SCRIPT_SANDBOXING = NO;
				GENERATE_INFOPLIST_FILE = YES;
				MARKETING_VERSION = 1.0;
				PRODUCT_BUNDLE_IDENTIFIER = com.guide.app.iosAppUITests;
				PRODUCT_NAME = "$(TARGET_NAME)";
				SWIFT_EMIT_LOC_STRINGS = NO;
				SWIFT_VERSION = 5.0;
				TARGETED_DEVICE_FAMILY = "1,2";
				TEST_TARGET_NAME = iosApp;
			};
			name = Release;
		};
/* End XCBuildConfiguration section */

/* Begin XCConfigurationList section */
		4FC512152C5E5585006ED790 /* Build configuration list for PBXProject "iosApp" */ = {
			isa = XCConfigurationList;
			buildConfigurations = (
				4FC5123C2C5E5586006ED790 /* Debug */,
				4FC5123D2C5E5586006ED790 /* Release */,
			);
			defaultConfigurationIsVisible = 0;
			defaultConfigurationName = Release;
		};
		4FC5123E2C5E5586006ED790 /* Build configuration list for PBXNativeTarget "iosApp" */ = {
			isa = XCConfigurationList;
			buildConfigurations = (
				4FC5123F2C5E5586006ED790 /* Debug */,
				4FC512402C5E5586006ED790 /* Release */,
			);
			defaultConfigurationIsVisible = 0;
			defaultConfigurationName = Release;
		};
		4FC512412C5E5586006ED790 /* Build configuration list for PBXNativeTarget "iosAppTests" */ = {
			isa = XCConfigurationList;
			buildConfigurations = (
				4FC512422C5E5586006ED790 /* Debug */,
				4FC512432C5E5586006ED790 /* Release */,
			);
			defaultConfigurationIsVisible = 0;
			defaultConfigurationName = Release;
		};
		4FC512442C5E5586006ED790 /* Build configuration list for PBXNativeTarget "iosAppUITests" */ = {
			isa = XCConfigurationList;
			buildConfigurations = (
				4FC512452C5E5586006ED790 /* Debug */,
				4FC512462C5E5586006ED790 /* Release */,
			);
			defaultConfigurationIsVisible = 0;
			defaultConfigurationName = Release;
		};
/* End XCConfigurationList section */
	};
	rootObject = 4FC512122C5E5585006ED790 /* Project object */;
}
